# This file is automatically @generated by Cargo.
# It is not intended for manual editing.
version = 4

[[package]]
name = "rt_00_hello_world"
version = "0.1.0"

[[package]]
name = "rt_01_cargo_project"
version = "0.1.0"

[[package]]
name = "rt_02_variables"
version = "0.1.0"

[[package]]
name = "rt_03_scalar_compound_types"
version = "0.1.0"

[[package]]
name = "rt_04_functions"
version = "0.1.0"

[[package]]
name = "rt_05_control_flow"
version = "0.1.0"
